
Microsoft Visual Studio Solution File, Format Version 12.00
# Visual Studio Version 17
VisualStudioVersion = 17.4.33110.190
MinimumVisualStudioVersion = 10.0.40219.1
Project("{FAE04EC0-301F-11D3-BF4B-00C04F79EFBC}") = "Task5Lab2", "Task5Lab2\Task5Lab2.csproj", "{CA70AD19-C103-4BA2-B757-78E4080972B5}"
EndProject
Global
	GlobalSection(SolutionConfigurationPlatforms) = preSolution
		Debug|Any CPU = Debug|Any CPU
		Release|Any CPU = Release|Any CPU
	EndGlobalSection
	GlobalSection(ProjectConfigurationPlatforms) = postSolution
		{CA70AD19-C103-4BA2-B757-78E4080972B5}.Debug|Any CPU.ActiveCfg = Debug|Any CPU
		{CA70AD19-C103-4BA2-B757-78E4080972B5}.Debug|Any CPU.Build.0 = Debug|Any CPU
		{CA70AD19-C103-4BA2-B757-78E4080972B5}.Release|Any CPU.ActiveCfg = Release|Any CPU
		{CA70AD19-C103-4BA2-B757-78E4080972B5}.Release|Any CPU.Build.0 = Release|Any CPU
	EndGlobalSection
	GlobalSection(SolutionProperties) = preSolution
		HideSolutionNode = FALSE
	EndGlobalSection
	GlobalSection(ExtensibilityGlobals) = postSolution
		SolutionGuid = {21F5BE9D-476E-408A-9B82-885CF0849DDA}
	EndGlobalSection
EndGlobal
