
Microsoft Visual Studio Solution File, Format Version 12.00
# Visual Studio Version 17
VisualStudioVersion = 17.4.33110.190
MinimumVisualStudioVersion = 10.0.40219.1
Project("{FAE04EC0-301F-11D3-BF4B-00C04F79EFBC}") = "Task2", "Task2\Task2.csproj", "{01D8F1E6-169D-4967-99A7-16F988A359F5}"
EndProject
Global
	GlobalSection(SolutionConfigurationPlatforms) = preSolution
		Debug|Any CPU = Debug|Any CPU
		Release|Any CPU = Release|Any CPU
	EndGlobalSection
	GlobalSection(ProjectConfigurationPlatforms) = postSolution
		{01D8F1E6-169D-4967-99A7-16F988A359F5}.Debug|Any CPU.ActiveCfg = Debug|Any CPU
		{01D8F1E6-169D-4967-99A7-16F988A359F5}.Debug|Any CPU.Build.0 = Debug|Any CPU
		{01D8F1E6-169D-4967-99A7-16F988A359F5}.Release|Any CPU.ActiveCfg = Release|Any CPU
		{01D8F1E6-169D-4967-99A7-16F988A359F5}.Release|Any CPU.Build.0 = Release|Any CPU
	EndGlobalSection
	GlobalSection(SolutionProperties) = preSolution
		HideSolutionNode = FALSE
	EndGlobalSection
	GlobalSection(ExtensibilityGlobals) = postSolution
		SolutionGuid = {262A5AB7-5AFB-43F6-A368-0C0621EE808A}
	EndGlobalSection
EndGlobal
