
Microsoft Visual Studio Solution File, Format Version 12.00
# Visual Studio Version 17
VisualStudioVersion = 17.4.33110.190
MinimumVisualStudioVersion = 10.0.40219.1
Project("{FAE04EC0-301F-11D3-BF4B-00C04F79EFBC}") = "Task2", "Task2\Task2.csproj", "{95C91A23-1411-4EB8-9BEB-F5DFF4692791}"
EndProject
Global
	GlobalSection(SolutionConfigurationPlatforms) = preSolution
		Debug|Any CPU = Debug|Any CPU
		Release|Any CPU = Release|Any CPU
	EndGlobalSection
	GlobalSection(ProjectConfigurationPlatforms) = postSolution
		{95C91A23-1411-4EB8-9BEB-F5DFF4692791}.Debug|Any CPU.ActiveCfg = Debug|Any CPU
		{95C91A23-1411-4EB8-9BEB-F5DFF4692791}.Debug|Any CPU.Build.0 = Debug|Any CPU
		{95C91A23-1411-4EB8-9BEB-F5DFF4692791}.Release|Any CPU.ActiveCfg = Release|Any CPU
		{95C91A23-1411-4EB8-9BEB-F5DFF4692791}.Release|Any CPU.Build.0 = Release|Any CPU
	EndGlobalSection
	GlobalSection(SolutionProperties) = preSolution
		HideSolutionNode = FALSE
	EndGlobalSection
	GlobalSection(ExtensibilityGlobals) = postSolution
		SolutionGuid = {06E59235-D27E-44FD-8894-CB4E5328B647}
	EndGlobalSection
EndGlobal
