
Microsoft Visual Studio Solution File, Format Version 12.00
# Visual Studio Version 17
VisualStudioVersion = 17.4.33110.190
MinimumVisualStudioVersion = 10.0.40219.1
Project("{FAE04EC0-301F-11D3-BF4B-00C04F79EFBC}") = "Lab2Task3", "Lab2Task3\Lab2Task3.csproj", "{F04C2778-C351-413B-B050-02B1DB42636D}"
EndProject
Global
	GlobalSection(SolutionConfigurationPlatforms) = preSolution
		Debug|Any CPU = Debug|Any CPU
		Release|Any CPU = Release|Any CPU
	EndGlobalSection
	GlobalSection(ProjectConfigurationPlatforms) = postSolution
		{F04C2778-C351-413B-B050-02B1DB42636D}.Debug|Any CPU.ActiveCfg = Debug|Any CPU
		{F04C2778-C351-413B-B050-02B1DB42636D}.Debug|Any CPU.Build.0 = Debug|Any CPU
		{F04C2778-C351-413B-B050-02B1DB42636D}.Release|Any CPU.ActiveCfg = Release|Any CPU
		{F04C2778-C351-413B-B050-02B1DB42636D}.Release|Any CPU.Build.0 = Release|Any CPU
	EndGlobalSection
	GlobalSection(SolutionProperties) = preSolution
		HideSolutionNode = FALSE
	EndGlobalSection
	GlobalSection(ExtensibilityGlobals) = postSolution
		SolutionGuid = {27459B7E-D8C1-4429-BB54-27F244EE5020}
	EndGlobalSection
EndGlobal
